// !$*UTF8*$!
{
	archiveVersion = 1;
	classes = {
	};
	objectVersion = 50;
	objects = {

/* Begin PBXBuildFile section */
		4B1765A12535C1FA00B9C8E2 /* TableView.swift in Sources */ = {isa = PBXBuildFile; fileRef = 4B1765A02535C1FA00B9C8E2 /* TableView.swift */; };
		4B3CCA842573B1D600F1AEEF /* ProgressViewController.swift in Sources */ = {isa = PBXBuildFile; fileRef = 4B3CCA832573B1D600F1AEEF /* ProgressViewController.swift */; };
		4B5DFBCE254F607F000B45BB /* WindowController.swift in Sources */ = {isa = PBXBuildFile; fileRef = 4B5DFBCD254F607F000B45BB /* WindowController.swift */; };
		4B5DFBD12550B639000B45BB /* MenuDelegate.swift in Sources */ = {isa = PBXBuildFile; fileRef = 4B5DFBD02550B639000B45BB /* MenuDelegate.swift */; };
		4B5DFBD42550B69C000B45BB /* TableViewDelegate.swift in Sources */ = {isa = PBXBuildFile; fileRef = 4B5DFBD32550B69C000B45BB /* TableViewDelegate.swift */; };
		4B5DFBD72550B6D1000B45BB /* TableViewDataSource.swift in Sources */ = {isa = PBXBuildFile; fileRef = 4B5DFBD62550B6D1000B45BB /* TableViewDataSource.swift */; };
		4B5DFBDD2550B78E000B45BB /* DataSourceDelegate.swift in Sources */ = {isa = PBXBuildFile; fileRef = 4B5DFBDC2550B78E000B45BB /* DataSourceDelegate.swift */; };
		4B62BCD1256452B300C883DA /* FileOperationsDelegate.swift in Sources */ = {isa = PBXBuildFile; fileRef = 4B62BCD0256452B300C883DA /* FileOperationsDelegate.swift */; };
		4B72162C25C8894F008FD7E3 /* TableViewData+CoreDataClass.swift in Sources */ = {isa = PBXBuildFile; fileRef = 4B72162A25C8894F008FD7E3 /* TableViewData+CoreDataClass.swift */; };
		4B72162D25C8894F008FD7E3 /* TableViewData+CoreDataProperties.swift in Sources */ = {isa = PBXBuildFile; fileRef = 4B72162B25C8894F008FD7E3 /* TableViewData+CoreDataProperties.swift */; };
		4B89F3A1253F50F4008CDE5C /* TableDataSource.swift in Sources */ = {isa = PBXBuildFile; fileRef = 4B89F3A0253F50F4008CDE5C /* TableDataSource.swift */; };
		4B94F7082563124C00BABFEE /* FileOperations.swift in Sources */ = {isa = PBXBuildFile; fileRef = 4B94F7072563124C00BABFEE /* FileOperations.swift */; };
		4B95597725DD17DA00B5EC7C /* ButtonWithPath.swift in Sources */ = {isa = PBXBuildFile; fileRef = 4B95597625DD17DA00B5EC7C /* ButtonWithPath.swift */; };
		4B95597B25DD19CD00B5EC7C /* Favorites+CoreDataClass.swift in Sources */ = {isa = PBXBuildFile; fileRef = 4B95597925DD19CD00B5EC7C /* Favorites+CoreDataClass.swift */; };
		4B95597C25DD19CD00B5EC7C /* Favorites+CoreDataProperties.swift in Sources */ = {isa = PBXBuildFile; fileRef = 4B95597A25DD19CD00B5EC7C /* Favorites+CoreDataProperties.swift */; };
		4B986768259A605D003AD5F7 /* DriveButton.swift in Sources */ = {isa = PBXBuildFile; fileRef = 4B986767259A605D003AD5F7 /* DriveButton.swift */; };
		4BA3D29925741A0C00C6891A /* ProgressWindowController.swift in Sources */ = {isa = PBXBuildFile; fileRef = 4BA3D29825741A0C00C6891A /* ProgressWindowController.swift */; };
		4BDC06942523B59D00DF1AFF /* AppDelegate.swift in Sources */ = {isa = PBXBuildFile; fileRef = 4BDC06932523B59D00DF1AFF /* AppDelegate.swift */; };
		4BDC06962523B59D00DF1AFF /* ViewController.swift in Sources */ = {isa = PBXBuildFile; fileRef = 4BDC06952523B59D00DF1AFF /* ViewController.swift */; };
		4BDC06992523B59D00DF1AFF /* iCommander.xcdatamodeld in Sources */ = {isa = PBXBuildFile; fileRef = 4BDC06972523B59D00DF1AFF /* iCommander.xcdatamodeld */; };
		4BDC069B2523B59E00DF1AFF /* Assets.xcassets in Resources */ = {isa = PBXBuildFile; fileRef = 4BDC069A2523B59E00DF1AFF /* Assets.xcassets */; };
		4BDC069E2523B59E00DF1AFF /* Main.storyboard in Resources */ = {isa = PBXBuildFile; fileRef = 4BDC069C2523B59E00DF1AFF /* Main.storyboard */; };
		4BE9FC1A2523D913001E5A33 /* Constants.swift in Sources */ = {isa = PBXBuildFile; fileRef = 4BE9FC192523D913001E5A33 /* Constants.swift */; };
		4BFDB12D2589774C009E02D5 /* WindowDelegate.swift in Sources */ = {isa = PBXBuildFile; fileRef = 4BFDB12C2589774C009E02D5 /* WindowDelegate.swift */; };
/* End PBXBuildFile section */

/* Begin PBXFileReference section */
		4B1765A02535C1FA00B9C8E2 /* TableView.swift */ = {isa = PBXFileReference; lastKnownFileType = sourcecode.swift; path = TableView.swift; sourceTree = "<group>"; };
		4B3CCA832573B1D600F1AEEF /* ProgressViewController.swift */ = {isa = PBXFileReference; lastKnownFileType = sourcecode.swift; path = ProgressViewController.swift; sourceTree = "<group>"; };
		4B5DFBCD254F607F000B45BB /* WindowController.swift */ = {isa = PBXFileReference; lastKnownFileType = sourcecode.swift; path = WindowController.swift; sourceTree = "<group>"; };
		4B5DFBD02550B639000B45BB /* MenuDelegate.swift */ = {isa = PBXFileReference; lastKnownFileType = sourcecode.swift; path = MenuDelegate.swift; sourceTree = "<group>"; };
		4B5DFBD32550B69C000B45BB /* TableViewDelegate.swift */ = {isa = PBXFileReference; lastKnownFileType = sourcecode.swift; path = TableViewDelegate.swift; sourceTree = "<group>"; };
		4B5DFBD62550B6D1000B45BB /* TableViewDataSource.swift */ = {isa = PBXFileReference; lastKnownFileType = sourcecode.swift; path = TableViewDataSource.swift; sourceTree = "<group>"; };
		4B5DFBDC2550B78E000B45BB /* DataSourceDelegate.swift */ = {isa = PBXFileReference; lastKnownFileType = sourcecode.swift; path = DataSourceDelegate.swift; sourceTree = "<group>"; };
		4B62BCD0256452B300C883DA /* FileOperationsDelegate.swift */ = {isa = PBXFileReference; lastKnownFileType = sourcecode.swift; path = FileOperationsDelegate.swift; sourceTree = "<group>"; };
		4B72162A25C8894F008FD7E3 /* TableViewData+CoreDataClass.swift */ = {isa = PBXFileReference; lastKnownFileType = sourcecode.swift; path = "TableViewData+CoreDataClass.swift"; sourceTree = "<group>"; };
		4B72162B25C8894F008FD7E3 /* TableViewData+CoreDataProperties.swift */ = {isa = PBXFileReference; lastKnownFileType = sourcecode.swift; path = "TableViewData+CoreDataProperties.swift"; sourceTree = "<group>"; };
		4B89F3A0253F50F4008CDE5C /* TableDataSource.swift */ = {isa = PBXFileReference; lastKnownFileType = sourcecode.swift; path = TableDataSource.swift; sourceTree = "<group>"; };
		4B94F7072563124C00BABFEE /* FileOperations.swift */ = {isa = PBXFileReference; lastKnownFileType = sourcecode.swift; path = FileOperations.swift; sourceTree = "<group>"; };
		4B95597625DD17DA00B5EC7C /* ButtonWithPath.swift */ = {isa = PBXFileReference; lastKnownFileType = sourcecode.swift; path = ButtonWithPath.swift; sourceTree = "<group>"; };
		4B95597925DD19CD00B5EC7C /* Favorites+CoreDataClass.swift */ = {isa = PBXFileReference; lastKnownFileType = sourcecode.swift; path = "Favorites+CoreDataClass.swift"; sourceTree = "<group>"; };
		4B95597A25DD19CD00B5EC7C /* Favorites+CoreDataProperties.swift */ = {isa = PBXFileReference; lastKnownFileType = sourcecode.swift; path = "Favorites+CoreDataProperties.swift"; sourceTree = "<group>"; };
		4B986767259A605D003AD5F7 /* DriveButton.swift */ = {isa = PBXFileReference; lastKnownFileType = sourcecode.swift; path = DriveButton.swift; sourceTree = "<group>"; };
		4BA3D29825741A0C00C6891A /* ProgressWindowController.swift */ = {isa = PBXFileReference; lastKnownFileType = sourcecode.swift; path = ProgressWindowController.swift; sourceTree = "<group>"; };
		4BDC06902523B59D00DF1AFF /* iCommander.app */ = {isa = PBXFileReference; explicitFileType = wrapper.application; includeInIndex = 0; path = iCommander.app; sourceTree = BUILT_PRODUCTS_DIR; };
		4BDC06932523B59D00DF1AFF /* AppDelegate.swift */ = {isa = PBXFileReference; lastKnownFileType = sourcecode.swift; path = AppDelegate.swift; sourceTree = "<group>"; };
		4BDC06952523B59D00DF1AFF /* ViewController.swift */ = {isa = PBXFileReference; lastKnownFileType = sourcecode.swift; path = ViewController.swift; sourceTree = "<group>"; };
		4BDC06982523B59D00DF1AFF /* iCommander_MacOS.xcdatamodel */ = {isa = PBXFileReference; lastKnownFileType = wrapper.xcdatamodel; path = iCommander_MacOS.xcdatamodel; sourceTree = "<group>"; };
		4BDC069A2523B59E00DF1AFF /* Assets.xcassets */ = {isa = PBXFileReference; lastKnownFileType = folder.assetcatalog; path = Assets.xcassets; sourceTree = "<group>"; };
		4BDC069D2523B59E00DF1AFF /* Base */ = {isa = PBXFileReference; lastKnownFileType = file.storyboard; name = Base; path = Base.lproj/Main.storyboard; sourceTree = "<group>"; };
		4BDC069F2523B59E00DF1AFF /* Info.plist */ = {isa = PBXFileReference; lastKnownFileType = text.plist.xml; path = Info.plist; sourceTree = "<group>"; };
		4BDC06A02523B59E00DF1AFF /* iCommander.entitlements */ = {isa = PBXFileReference; lastKnownFileType = text.plist.entitlements; path = iCommander.entitlements; sourceTree = "<group>"; };
		4BE9FC192523D913001E5A33 /* Constants.swift */ = {isa = PBXFileReference; lastKnownFileType = sourcecode.swift; path = Constants.swift; sourceTree = "<group>"; };
		4BFDB12C2589774C009E02D5 /* WindowDelegate.swift */ = {isa = PBXFileReference; lastKnownFileType = sourcecode.swift; path = WindowDelegate.swift; sourceTree = "<group>"; };
/* End PBXFileReference section */

/* Begin PBXFrameworksBuildPhase section */
		4BDC068D2523B59D00DF1AFF /* Frameworks */ = {
			isa = PBXFrameworksBuildPhase;
			buildActionMask = 2147483647;
			files = (
			);
			runOnlyForDeploymentPostprocessing = 0;
		};
/* End PBXFrameworksBuildPhase section */

/* Begin PBXGroup section */
		4B1438DA255BD361002B7FDF /* Delegates */ = {
			isa = PBXGroup;
			children = (
				4B5DFBD32550B69C000B45BB /* TableViewDelegate.swift */,
				4B5DFBDC2550B78E000B45BB /* DataSourceDelegate.swift */,
				4B5DFBD62550B6D1000B45BB /* TableViewDataSource.swift */,
				4B5DFBD02550B639000B45BB /* MenuDelegate.swift */,
				4BDC06932523B59D00DF1AFF /* AppDelegate.swift */,
				4B62BCD0256452B300C883DA /* FileOperationsDelegate.swift */,
				4BFDB12C2589774C009E02D5 /* WindowDelegate.swift */,
			);
			path = Delegates;
			sourceTree = "<group>";
		};
		4BDC06872523B59D00DF1AFF = {
			isa = PBXGroup;
			children = (
				4BDC06922523B59D00DF1AFF /* iCommander */,
				4BDC06912523B59D00DF1AFF /* Products */,
			);
			sourceTree = "<group>";
		};
		4BDC06912523B59D00DF1AFF /* Products */ = {
			isa = PBXGroup;
			children = (
				4BDC06902523B59D00DF1AFF /* iCommander.app */,
			);
			name = Products;
			sourceTree = "<group>";
		};
		4BDC06922523B59D00DF1AFF /* iCommander */ = {
			isa = PBXGroup;
			children = (
				4BDC06A72523B63200DF1AFF /* Views */,
				4BDC06A82523B63B00DF1AFF /* Controllers */,
				4B1438DA255BD361002B7FDF /* Delegates */,
				4BE9FC182523D902001E5A33 /* Utils */,
				4BDC069A2523B59E00DF1AFF /* Assets.xcassets */,
				4BDC069F2523B59E00DF1AFF /* Info.plist */,
				4BDC06A02523B59E00DF1AFF /* iCommander.entitlements */,
				4BDC06972523B59D00DF1AFF /* iCommander.xcdatamodeld */,
			);
			path = iCommander;
			sourceTree = "<group>";
		};
		4BDC06A72523B63200DF1AFF /* Views */ = {
			isa = PBXGroup;
			children = (
				4BDC069C2523B59E00DF1AFF /* Main.storyboard */,
				4B1765A02535C1FA00B9C8E2 /* TableView.swift */,
				4B986767259A605D003AD5F7 /* DriveButton.swift */,
				4B95597625DD17DA00B5EC7C /* ButtonWithPath.swift */,
			);
			path = Views;
			sourceTree = "<group>";
		};
		4BDC06A82523B63B00DF1AFF /* Controllers */ = {
			isa = PBXGroup;
			children = (
				4BDC06952523B59D00DF1AFF /* ViewController.swift */,
				4B5DFBCD254F607F000B45BB /* WindowController.swift */,
				4B3CCA832573B1D600F1AEEF /* ProgressViewController.swift */,
				4BA3D29825741A0C00C6891A /* ProgressWindowController.swift */,
			);
			path = Controllers;
			sourceTree = "<group>";
		};
		4BE9FC182523D902001E5A33 /* Utils */ = {
			isa = PBXGroup;
			children = (
				4B95597925DD19CD00B5EC7C /* Favorites+CoreDataClass.swift */,
				4B95597A25DD19CD00B5EC7C /* Favorites+CoreDataProperties.swift */,
				4B72162A25C8894F008FD7E3 /* TableViewData+CoreDataClass.swift */,
				4B72162B25C8894F008FD7E3 /* TableViewData+CoreDataProperties.swift */,
				4BE9FC192523D913001E5A33 /* Constants.swift */,
				4B89F3A0253F50F4008CDE5C /* TableDataSource.swift */,
				4B94F7072563124C00BABFEE /* FileOperations.swift */,
			);
			path = Utils;
			sourceTree = "<group>";
		};
/* End PBXGroup section */

/* Begin PBXNativeTarget section */
		4BDC068F2523B59D00DF1AFF /* iCommander */ = {
			isa = PBXNativeTarget;
			buildConfigurationList = 4BDC06A32523B59E00DF1AFF /* Build configuration list for PBXNativeTarget "iCommander" */;
			buildPhases = (
				4BDC068C2523B59D00DF1AFF /* Sources */,
				4BDC068D2523B59D00DF1AFF /* Frameworks */,
				4BDC068E2523B59D00DF1AFF /* Resources */,
			);
			buildRules = (
			);
			dependencies = (
			);
			name = iCommander;
			productName = "iCommander-MacOS";
			productReference = 4BDC06902523B59D00DF1AFF /* iCommander.app */;
			productType = "com.apple.product-type.application";
		};
/* End PBXNativeTarget section */

/* Begin PBXProject section */
		4BDC06882523B59D00DF1AFF /* Project object */ = {
			isa = PBXProject;
			attributes = {
				LastSwiftUpdateCheck = 1200;
				LastUpgradeCheck = 1200;
				TargetAttributes = {
					4BDC068F2523B59D00DF1AFF = {
						CreatedOnToolsVersion = 12.0.1;
					};
				};
			};
			buildConfigurationList = 4BDC068B2523B59D00DF1AFF /* Build configuration list for PBXProject "iCommander" */;
			compatibilityVersion = "Xcode 9.3";
			developmentRegion = en;
			hasScannedForEncodings = 0;
			knownRegions = (
				en,
				Base,
			);
			mainGroup = 4BDC06872523B59D00DF1AFF;
			productRefGroup = 4BDC06912523B59D00DF1AFF /* Products */;
			projectDirPath = "";
			projectRoot = "";
			targets = (
				4BDC068F2523B59D00DF1AFF /* iCommander */,
			);
		};
/* End PBXProject section */

/* Begin PBXResourcesBuildPhase section */
		4BDC068E2523B59D00DF1AFF /* Resources */ = {
			isa = PBXResourcesBuildPhase;
			buildActionMask = 2147483647;
			files = (
				4BDC069B2523B59E00DF1AFF /* Assets.xcassets in Resources */,
				4BDC069E2523B59E00DF1AFF /* Main.storyboard in Resources */,
			);
			runOnlyForDeploymentPostprocessing = 0;
		};
/* End PBXResourcesBuildPhase section */

/* Begin PBXSourcesBuildPhase section */
		4BDC068C2523B59D00DF1AFF /* Sources */ = {
			isa = PBXSourcesBuildPhase;
			buildActionMask = 2147483647;
			files = (
				4B5DFBD42550B69C000B45BB /* TableViewDelegate.swift in Sources */,
				4B5DFBD72550B6D1000B45BB /* TableViewDataSource.swift in Sources */,
				4BFDB12D2589774C009E02D5 /* WindowDelegate.swift in Sources */,
				4B95597C25DD19CD00B5EC7C /* Favorites+CoreDataProperties.swift in Sources */,
				4B62BCD1256452B300C883DA /* FileOperationsDelegate.swift in Sources */,
				4B72162C25C8894F008FD7E3 /* TableViewData+CoreDataClass.swift in Sources */,
				4B986768259A605D003AD5F7 /* DriveButton.swift in Sources */,
				4BA3D29925741A0C00C6891A /* ProgressWindowController.swift in Sources */,
				4B94F7082563124C00BABFEE /* FileOperations.swift in Sources */,
				4B89F3A1253F50F4008CDE5C /* TableDataSource.swift in Sources */,
				4B72162D25C8894F008FD7E3 /* TableViewData+CoreDataProperties.swift in Sources */,
				4BDC06962523B59D00DF1AFF /* ViewController.swift in Sources */,
				4B5DFBD12550B639000B45BB /* MenuDelegate.swift in Sources */,
				4B5DFBDD2550B78E000B45BB /* DataSourceDelegate.swift in Sources */,
				4B1765A12535C1FA00B9C8E2 /* TableView.swift in Sources */,
				4BDC06942523B59D00DF1AFF /* AppDelegate.swift in Sources */,
				4B5DFBCE254F607F000B45BB /* WindowController.swift in Sources */,
				4B95597725DD17DA00B5EC7C /* ButtonWithPath.swift in Sources */,
				4B95597B25DD19CD00B5EC7C /* Favorites+CoreDataClass.swift in Sources */,
				4B3CCA842573B1D600F1AEEF /* ProgressViewController.swift in Sources */,
				4BDC06992523B59D00DF1AFF /* iCommander.xcdatamodeld in Sources */,
				4BE9FC1A2523D913001E5A33 /* Constants.swift in Sources */,
			);
			runOnlyForDeploymentPostprocessing = 0;
		};
/* End PBXSourcesBuildPhase section */

/* Begin PBXVariantGroup section */
		4BDC069C2523B59E00DF1AFF /* Main.storyboard */ = {
			isa = PBXVariantGroup;
			children = (
				4BDC069D2523B59E00DF1AFF /* Base */,
			);
			name = Main.storyboard;
			sourceTree = "<group>";
		};
/* End PBXVariantGroup section */

/* Begin XCBuildConfiguration section */
		4BDC06A12523B59E00DF1AFF /* Debug */ = {
			isa = XCBuildConfiguration;
			buildSettings = {
				ALWAYS_SEARCH_USER_PATHS = NO;
				CLANG_ANALYZER_NONNULL = YES;
				CLANG_ANALYZER_NUMBER_OBJECT_CONVERSION = YES_AGGRESSIVE;
				CLANG_CXX_LANGUAGE_STANDARD = "gnu++14";
				CLANG_CXX_LIBRARY = "libc++";
				CLANG_ENABLE_MODULES = YES;
				CLANG_ENABLE_OBJC_ARC = YES;
				CLANG_ENABLE_OBJC_WEAK = YES;
				CLANG_WARN_BLOCK_CAPTURE_AUTORELEASING = YES;
				CLANG_WARN_BOOL_CONVERSION = YES;
				CLANG_WARN_COMMA = YES;
				CLANG_WARN_CONSTANT_CONVERSION = YES;
				CLANG_WARN_DEPRECATED_OBJC_IMPLEMENTATIONS = YES;
				CLANG_WARN_DIRECT_OBJC_ISA_USAGE = YES_ERROR;
				CLANG_WARN_DOCUMENTATION_COMMENTS = YES;
				CLANG_WARN_EMPTY_BODY = YES;
				CLANG_WARN_ENUM_CONVERSION = YES;
				CLANG_WARN_INFINITE_RECURSION = YES;
				CLANG_WARN_INT_CONVERSION = YES;
				CLANG_WARN_NON_LITERAL_NULL_CONVERSION = YES;
				CLANG_WARN_OBJC_IMPLICIT_RETAIN_SELF = YES;
				CLANG_WARN_OBJC_LITERAL_CONVERSION = YES;
				CLANG_WARN_OBJC_ROOT_CLASS = YES_ERROR;
				CLANG_WARN_QUOTED_INCLUDE_IN_FRAMEWORK_HEADER = YES;
				CLANG_WARN_RANGE_LOOP_ANALYSIS = YES;
				CLANG_WARN_STRICT_PROTOTYPES = YES;
				CLANG_WARN_SUSPICIOUS_MOVE = YES;
				CLANG_WARN_UNGUARDED_AVAILABILITY = YES_AGGRESSIVE;
				CLANG_WARN_UNREACHABLE_CODE = YES;
				CLANG_WARN__DUPLICATE_METHOD_MATCH = YES;
				COPY_PHASE_STRIP = NO;
				DEBUG_INFORMATION_FORMAT = dwarf;
				ENABLE_STRICT_OBJC_MSGSEND = YES;
				ENABLE_TESTABILITY = YES;
				GCC_C_LANGUAGE_STANDARD = gnu11;
				GCC_DYNAMIC_NO_PIC = NO;
				GCC_NO_COMMON_BLOCKS = YES;
				GCC_OPTIMIZATION_LEVEL = 0;
				GCC_PREPROCESSOR_DEFINITIONS = (
					"DEBUG=1",
					"$(inherited)",
				);
				GCC_WARN_64_TO_32_BIT_CONVERSION = YES;
				GCC_WARN_ABOUT_RETURN_TYPE = YES_ERROR;
				GCC_WARN_UNDECLARED_SELECTOR = YES;
				GCC_WARN_UNINITIALIZED_AUTOS = YES_AGGRESSIVE;
				GCC_WARN_UNUSED_FUNCTION = YES;
				GCC_WARN_UNUSED_VARIABLE = YES;
				MACOSX_DEPLOYMENT_TARGET = 10.15;
				MTL_ENABLE_DEBUG_INFO = INCLUDE_SOURCE;
				MTL_FAST_MATH = YES;
				ONLY_ACTIVE_ARCH = YES;
				SDKROOT = macosx;
				SWIFT_ACTIVE_COMPILATION_CONDITIONS = DEBUG;
				SWIFT_OPTIMIZATION_LEVEL = "-Onone";
			};
			name = Debug;
		};
		4BDC06A22523B59E00DF1AFF /* Release */ = {
			isa = XCBuildConfiguration;
			buildSettings = {
				ALWAYS_SEARCH_USER_PATHS = NO;
				CLANG_ANALYZER_NONNULL = YES;
				CLANG_ANALYZER_NUMBER_OBJECT_CONVERSION = YES_AGGRESSIVE;
				CLANG_CXX_LANGUAGE_STANDARD = "gnu++14";
				CLANG_CXX_LIBRARY = "libc++";
				CLANG_ENABLE_MODULES = YES;
				CLANG_ENABLE_OBJC_ARC = YES;
				CLANG_ENABLE_OBJC_WEAK = YES;
				CLANG_WARN_BLOCK_CAPTURE_AUTORELEASING = YES;
				CLANG_WARN_BOOL_CONVERSION = YES;
				CLANG_WARN_COMMA = YES;
				CLANG_WARN_CONSTANT_CONVERSION = YES;
				CLANG_WARN_DEPRECATED_OBJC_IMPLEMENTATIONS = YES;
				CLANG_WARN_DIRECT_OBJC_ISA_USAGE = YES_ERROR;
				CLANG_WARN_DOCUMENTATION_COMMENTS = YES;
				CLANG_WARN_EMPTY_BODY = YES;
				CLANG_WARN_ENUM_CONVERSION = YES;
				CLANG_WARN_INFINITE_RECURSION = YES;
				CLANG_WARN_INT_CONVERSION = YES;
				CLANG_WARN_NON_LITERAL_NULL_CONVERSION = YES;
				CLANG_WARN_OBJC_IMPLICIT_RETAIN_SELF = YES;
				CLANG_WARN_OBJC_LITERAL_CONVERSION = YES;
				CLANG_WARN_OBJC_ROOT_CLASS = YES_ERROR;
				CLANG_WARN_QUOTED_INCLUDE_IN_FRAMEWORK_HEADER = YES;
				CLANG_WARN_RANGE_LOOP_ANALYSIS = YES;
				CLANG_WARN_STRICT_PROTOTYPES = YES;
				CLANG_WARN_SUSPICIOUS_MOVE = YES;
				CLANG_WARN_UNGUARDED_AVAILABILITY = YES_AGGRESSIVE;
				CLANG_WARN_UNREACHABLE_CODE = YES;
				CLANG_WARN__DUPLICATE_METHOD_MATCH = YES;
				COPY_PHASE_STRIP = NO;
				DEBUG_INFORMATION_FORMAT = "dwarf-with-dsym";
				ENABLE_NS_ASSERTIONS = NO;
				ENABLE_STRICT_OBJC_MSGSEND = YES;
				GCC_C_LANGUAGE_STANDARD = gnu11;
				GCC_NO_COMMON_BLOCKS = YES;
				GCC_WARN_64_TO_32_BIT_CONVERSION = YES;
				GCC_WARN_ABOUT_RETURN_TYPE = YES_ERROR;
				GCC_WARN_UNDECLARED_SELECTOR = YES;
				GCC_WARN_UNINITIALIZED_AUTOS = YES_AGGRESSIVE;
				GCC_WARN_UNUSED_FUNCTION = YES;
				GCC_WARN_UNUSED_VARIABLE = YES;
				MACOSX_DEPLOYMENT_TARGET = 10.15;
				MTL_ENABLE_DEBUG_INFO = NO;
				MTL_FAST_MATH = YES;
				SDKROOT = macosx;
				SWIFT_COMPILATION_MODE = wholemodule;
				SWIFT_OPTIMIZATION_LEVEL = "-O";
			};
			name = Release;
		};
		4BDC06A42523B59E00DF1AFF /* Debug */ = {
			isa = XCBuildConfiguration;
			buildSettings = {
				ASSETCATALOG_COMPILER_APPICON_NAME = AppIcon;
				ASSETCATALOG_COMPILER_GLOBAL_ACCENT_COLOR_NAME = AccentColor;
				CODE_SIGN_ENTITLEMENTS = iCommander/iCommander.entitlements;
				CODE_SIGN_IDENTITY = "Apple Development";
				CODE_SIGN_STYLE = Automatic;
				COMBINE_HIDPI_IMAGES = YES;
				DEVELOPMENT_TEAM = NDU642L3S2;
				ENABLE_HARDENED_RUNTIME = YES;
				INFOPLIST_FILE = iCommander/Info.plist;
				LD_RUNPATH_SEARCH_PATHS = (
					"$(inherited)",
					"@executable_path/../Frameworks",
				);
				PRODUCT_BUNDLE_IDENTIFIER = home.iliedanila.iCommander;
				PRODUCT_NAME = "$(TARGET_NAME)";
				SWIFT_VERSION = 5.0;
			};
			name = Debug;
		};
		4BDC06A52523B59E00DF1AFF /* Release */ = {
			isa = XCBuildConfiguration;
			buildSettings = {
				ASSETCATALOG_COMPILER_APPICON_NAME = AppIcon;
				ASSETCATALOG_COMPILER_GLOBAL_ACCENT_COLOR_NAME = AccentColor;
				CODE_SIGN_ENTITLEMENTS = iCommander/iCommander.entitlements;
				CODE_SIGN_IDENTITY = "Apple Development";
				CODE_SIGN_STYLE = Automatic;
				COMBINE_HIDPI_IMAGES = YES;
				DEVELOPMENT_TEAM = NDU642L3S2;
				ENABLE_HARDENED_RUNTIME = YES;
				INFOPLIST_FILE = iCommander/Info.plist;
				LD_RUNPATH_SEARCH_PATHS = (
					"$(inherited)",
					"@executable_path/../Frameworks",
				);
				PRODUCT_BUNDLE_IDENTIFIER = home.iliedanila.iCommander;
				PRODUCT_NAME = "$(TARGET_NAME)";
				SWIFT_VERSION = 5.0;
			};
			name = Release;
		};
/* End XCBuildConfiguration section */

/* Begin XCConfigurationList section */
		4BDC068B2523B59D00DF1AFF /* Build configuration list for PBXProject "iCommander" */ = {
			isa = XCConfigurationList;
			buildConfigurations = (
				4BDC06A12523B59E00DF1AFF /* Debug */,
				4BDC06A22523B59E00DF1AFF /* Release */,
			);
			defaultConfigurationIsVisible = 0;
			defaultConfigurationName = Release;
		};
		4BDC06A32523B59E00DF1AFF /* Build configuration list for PBXNativeTarget "iCommander" */ = {
			isa = XCConfigurationList;
			buildConfigurations = (
				4BDC06A42523B59E00DF1AFF /* Debug */,
				4BDC06A52523B59E00DF1AFF /* Release */,
			);
			defaultConfigurationIsVisible = 0;
			defaultConfigurationName = Release;
		};
/* End XCConfigurationList section */

/* Begin XCVersionGroup section */
		4BDC06972523B59D00DF1AFF /* iCommander.xcdatamodeld */ = {
			isa = XCVersionGroup;
			children = (
				4BDC06982523B59D00DF1AFF /* iCommander_MacOS.xcdatamodel */,
			);
			currentVersion = 4BDC06982523B59D00DF1AFF /* iCommander_MacOS.xcdatamodel */;
			path = iCommander.xcdatamodeld;
			sourceTree = "<group>";
			versionGroupType = wrapper.xcdatamodel;
		};
/* End XCVersionGroup section */
	};
	rootObject = 4BDC06882523B59D00DF1AFF /* Project object */;
}
